{
  "lockfileVersion": 1,
  "configVersion": 0,
  "workspaces": {
    "": {
      "dependencies": {
        "@hugeicons/core-free-icons": "^3.1.1",
        "@hugeicons/svelte": "^1.1.1",
      },
    },
  },
  "packages": {
    "@hugeicons/core-free-icons": ["@hugeicons/core-free-icons@3.1.1", "", {}, "sha512-UpS2lUQFi5sKyJSWwM6rO+BnPLvVz1gsyCpPHeZyVuZqi89YH8ksliza4cwaODqKOZyeXmG8juo1ty4QtQofkg=="],

    "@hugeicons/svelte": ["@hugeicons/svelte@1.1.1", "", {}, "sha512-Afe86i+D/+zq8cGTWdbwXT49bI5marsN0QgKbpQ+pR07Yi21NIQyvn6ogvmT4LLnH6PAj46HaktaA4C6mq8Emg=="],
  }
}
